// !$*UTF8*$!
{
	archiveVersion = 1;
	classes = {
	};
	objectVersion = 46;
	objects = {

/* Begin PBXBuildFile section */
		AC9164CD1978067F0018545D /* DiscoveryCommand.m in Sources */ = {isa = PBXBuildFile; fileRef = AC9164CC1978067F0018545D /* DiscoveryCommand.m */; };
		AC9164D019780B860018545D /* NodeDiscovery.m in Sources */ = {isa = PBXBuildFile; fileRef = AC9164CF19780B860018545D /* NodeDiscovery.m */; };
		AC9164D419780BCA0018545D /* Node.m in Sources */ = {isa = PBXBuildFile; fileRef = AC9164D319780BCA0018545D /* Node.m */; };
		AC9164D81978198F0018545D /* HTTPRequester.m in Sources */ = {isa = PBXBuildFile; fileRef = AC9164D71978198F0018545D /* HTTPRequester.m */; };
		ACAFE4F81977B66F00F1F2E3 /* main.m in Sources */ = {isa = PBXBuildFile; fileRef = ACAFE4F71977B66F00F1F2E3 /* main.m */; };
		ACAFE4FB1977B66F00F1F2E3 /* AppDelegate.m in Sources */ = {isa = PBXBuildFile; fileRef = ACAFE4FA1977B66F00F1F2E3 /* AppDelegate.m */; };
		ACAFE4FD1977B66F00F1F2E3 /* Images.xcassets in Resources */ = {isa = PBXBuildFile; fileRef = ACAFE4FC1977B66F00F1F2E3 /* Images.xcassets */; };
		ACAFE5001977B66F00F1F2E3 /* MainMenu.xib in Resources */ = {isa = PBXBuildFile; fileRef = ACAFE4FE1977B66F00F1F2E3 /* MainMenu.xib */; };
		ACAFE50C1977B66F00F1F2E3 /* ServerDemoTests.m in Sources */ = {isa = PBXBuildFile; fileRef = ACAFE50B1977B66F00F1F2E3 /* ServerDemoTests.m */; };
		ACAFE5FF1977BB6200F1F2E3 /* AnyJSON.m in Sources */ = {isa = PBXBuildFile; fileRef = ACAFE51B1977BB6200F1F2E3 /* AnyJSON.m */; settings = {COMPILER_FLAGS = "-fno-objc-arc"; }; };
		ACAFE6001977BB6200F1F2E3 /* DDData.m in Sources */ = {isa = PBXBuildFile; fileRef = ACAFE51F1977BB6200F1F2E3 /* DDData.m */; };
		ACAFE6011977BB6200F1F2E3 /* DDNumber.m in Sources */ = {isa = PBXBuildFile; fileRef = ACAFE5211977BB6200F1F2E3 /* DDNumber.m */; };
		ACAFE6021977BB6200F1F2E3 /* DDRange.m in Sources */ = {isa = PBXBuildFile; fileRef = ACAFE5231977BB6200F1F2E3 /* DDRange.m */; };
		ACAFE6031977BB6200F1F2E3 /* HTTPAuthenticationRequest.m in Sources */ = {isa = PBXBuildFile; fileRef = ACAFE5251977BB6200F1F2E3 /* HTTPAuthenticationRequest.m */; };
		ACAFE6041977BB6200F1F2E3 /* HTTPConnection.m in Sources */ = {isa = PBXBuildFile; fileRef = ACAFE5271977BB6200F1F2E3 /* HTTPConnection.m */; };
		ACAFE6051977BB6200F1F2E3 /* HTTPMessage.m in Sources */ = {isa = PBXBuildFile; fileRef = ACAFE52A1977BB6200F1F2E3 /* HTTPMessage.m */; };
		ACAFE6061977BB6200F1F2E3 /* HTTPServer.m in Sources */ = {isa = PBXBuildFile; fileRef = ACAFE52D1977BB6200F1F2E3 /* HTTPServer.m */; };
		ACAFE6071977BB6200F1F2E3 /* MultipartFormDataParser.m in Sources */ = {isa = PBXBuildFile; fileRef = ACAFE5301977BB6200F1F2E3 /* MultipartFormDataParser.m */; };
		ACAFE6081977BB6200F1F2E3 /* MultipartMessageHeader.m in Sources */ = {isa = PBXBuildFile; fileRef = ACAFE5321977BB6200F1F2E3 /* MultipartMessageHeader.m */; };
		ACAFE6091977BB6200F1F2E3 /* MultipartMessageHeaderField.m in Sources */ = {isa = PBXBuildFile; fileRef = ACAFE5341977BB6200F1F2E3 /* MultipartMessageHeaderField.m */; };
		ACAFE60A1977BB6200F1F2E3 /* HTTPAsyncFileResponse.m in Sources */ = {isa = PBXBuildFile; fileRef = ACAFE5371977BB6200F1F2E3 /* HTTPAsyncFileResponse.m */; };
		ACAFE60B1977BB6200F1F2E3 /* HTTPDataResponse.m in Sources */ = {isa = PBXBuildFile; fileRef = ACAFE5391977BB6200F1F2E3 /* HTTPDataResponse.m */; };
		ACAFE60C1977BB6200F1F2E3 /* HTTPDynamicFileResponse.m in Sources */ = {isa = PBXBuildFile; fileRef = ACAFE53B1977BB6200F1F2E3 /* HTTPDynamicFileResponse.m */; };
		ACAFE60D1977BB6200F1F2E3 /* HTTPErrorResponse.m in Sources */ = {isa = PBXBuildFile; fileRef = ACAFE53D1977BB6200F1F2E3 /* HTTPErrorResponse.m */; };
		ACAFE60E1977BB6200F1F2E3 /* HTTPFileResponse.m in Sources */ = {isa = PBXBuildFile; fileRef = ACAFE53F1977BB6200F1F2E3 /* HTTPFileResponse.m */; };
		ACAFE60F1977BB6200F1F2E3 /* HTTPRedirectResponse.m in Sources */ = {isa = PBXBuildFile; fileRef = ACAFE5411977BB6200F1F2E3 /* HTTPRedirectResponse.m */; };
		ACAFE6101977BB6200F1F2E3 /* About.txt in Resources */ = {isa = PBXBuildFile; fileRef = ACAFE5441977BB6200F1F2E3 /* About.txt */; };
		ACAFE6111977BB6200F1F2E3 /* GCDAsyncSocket.m in Sources */ = {isa = PBXBuildFile; fileRef = ACAFE5461977BB6200F1F2E3 /* GCDAsyncSocket.m */; };
		ACAFE6121977BB6200F1F2E3 /* About.txt in Resources */ = {isa = PBXBuildFile; fileRef = ACAFE5481977BB6200F1F2E3 /* About.txt */; };
		ACAFE6131977BB6200F1F2E3 /* DDAbstractDatabaseLogger.m in Sources */ = {isa = PBXBuildFile; fileRef = ACAFE54A1977BB6200F1F2E3 /* DDAbstractDatabaseLogger.m */; };
		ACAFE6141977BB6200F1F2E3 /* DDASLLogger.m in Sources */ = {isa = PBXBuildFile; fileRef = ACAFE54C1977BB6200F1F2E3 /* DDASLLogger.m */; };
		ACAFE6151977BB6200F1F2E3 /* DDFileLogger.m in Sources */ = {isa = PBXBuildFile; fileRef = ACAFE54E1977BB6200F1F2E3 /* DDFileLogger.m */; };
		ACAFE6161977BB6200F1F2E3 /* DDLog.m in Sources */ = {isa = PBXBuildFile; fileRef = ACAFE5501977BB6200F1F2E3 /* DDLog.m */; };
		ACAFE6171977BB6200F1F2E3 /* DDTTYLogger.m in Sources */ = {isa = PBXBuildFile; fileRef = ACAFE5521977BB6200F1F2E3 /* DDTTYLogger.m */; };
		ACAFE6181977BB6200F1F2E3 /* ContextFilterLogFormatter.m in Sources */ = {isa = PBXBuildFile; fileRef = ACAFE5551977BB6200F1F2E3 /* ContextFilterLogFormatter.m */; };
		ACAFE6191977BB6200F1F2E3 /* DispatchQueueLogFormatter.m in Sources */ = {isa = PBXBuildFile; fileRef = ACAFE5571977BB6200F1F2E3 /* DispatchQueueLogFormatter.m */; };
		ACAFE61A1977BB6200F1F2E3 /* README.txt in Resources */ = {isa = PBXBuildFile; fileRef = ACAFE5581977BB6200F1F2E3 /* README.txt */; };
		ACAFE61B1977BB6200F1F2E3 /* WebSocket.m in Sources */ = {isa = PBXBuildFile; fileRef = ACAFE55A1977BB6200F1F2E3 /* WebSocket.m */; };
		ACAFE6441977BB6200F1F2E3 /* FrankCommandRoute.m in Sources */ = {isa = PBXBuildFile; fileRef = ACAFE5BE1977BB6200F1F2E3 /* FrankCommandRoute.m */; settings = {COMPILER_FLAGS = "-fno-objc-arc"; }; };
		ACAFE6451977BB6200F1F2E3 /* FrankLoader.m in Sources */ = {isa = PBXBuildFile; fileRef = ACAFE5C01977BB6200F1F2E3 /* FrankLoader.m */; settings = {COMPILER_FLAGS = "-fno-objc-arc"; }; };
		ACAFE6461977BB6200F1F2E3 /* FranklyProtocolHelper.m in Sources */ = {isa = PBXBuildFile; fileRef = ACAFE5C21977BB6200F1F2E3 /* FranklyProtocolHelper.m */; settings = {COMPILER_FLAGS = "-fno-objc-arc"; }; };
		ACAFE6471977BB6200F1F2E3 /* FrankServer.m in Sources */ = {isa = PBXBuildFile; fileRef = ACAFE5C51977BB6200F1F2E3 /* FrankServer.m */; settings = {COMPILER_FLAGS = "-fno-objc-arc"; }; };
		ACAFE6531977BB6200F1F2E3 /* Operation.m in Sources */ = {isa = PBXBuildFile; fileRef = ACAFE5DD1977BB6200F1F2E3 /* Operation.m */; settings = {COMPILER_FLAGS = "-fno-objc-arc"; }; };
		ACAFE6561977BB6200F1F2E3 /* RequestRouter.m in Sources */ = {isa = PBXBuildFile; fileRef = ACAFE5E31977BB6200F1F2E3 /* RequestRouter.m */; settings = {COMPILER_FLAGS = "-fno-objc-arc"; }; };
		ACAFE6581977BB6200F1F2E3 /* RoutingHTTPConnection.m in Sources */ = {isa = PBXBuildFile; fileRef = ACAFE5E71977BB6200F1F2E3 /* RoutingHTTPConnection.m */; settings = {COMPILER_FLAGS = "-fno-objc-arc"; }; };
		ACAFE65B1977BB6200F1F2E3 /* SuccessCommand.m in Sources */ = {isa = PBXBuildFile; fileRef = ACAFE5ED1977BB6200F1F2E3 /* SuccessCommand.m */; };
		ACAFE6661977BB6200F1F2E3 /* VersionCommand.m in Sources */ = {isa = PBXBuildFile; fileRef = ACAFE5FC1977BB6200F1F2E3 /* VersionCommand.m */; settings = {COMPILER_FLAGS = "-fno-objc-arc"; }; };
		ACAFE6671977BB6200F1F2E3 /* ViewJSONSerializer.m in Sources */ = {isa = PBXBuildFile; fileRef = ACAFE5FE1977BB6200F1F2E3 /* ViewJSONSerializer.m */; settings = {COMPILER_FLAGS = "-fno-objc-arc"; }; };
/* End PBXBuildFile section */

/* Begin PBXContainerItemProxy section */
		ACAFE5061977B66F00F1F2E3 /* PBXContainerItemProxy */ = {
			isa = PBXContainerItemProxy;
			containerPortal = ACAFE4EA1977B66F00F1F2E3 /* Project object */;
			proxyType = 1;
			remoteGlobalIDString = ACAFE4F11977B66F00F1F2E3;
			remoteInfo = ServerDemo;
		};
/* End PBXContainerItemProxy section */

/* Begin PBXFileReference section */
		AC9164CB1978067F0018545D /* DiscoveryCommand.h */ = {isa = PBXFileReference; fileEncoding = 4; lastKnownFileType = sourcecode.c.h; path = DiscoveryCommand.h; sourceTree = "<group>"; };
		AC9164CC1978067F0018545D /* DiscoveryCommand.m */ = {isa = PBXFileReference; fileEncoding = 4; lastKnownFileType = sourcecode.c.objc; path = DiscoveryCommand.m; sourceTree = "<group>"; };
		AC9164CE19780B860018545D /* NodeDiscovery.h */ = {isa = PBXFileReference; fileEncoding = 4; lastKnownFileType = sourcecode.c.h; path = NodeDiscovery.h; sourceTree = "<group>"; };
		AC9164CF19780B860018545D /* NodeDiscovery.m */ = {isa = PBXFileReference; fileEncoding = 4; lastKnownFileType = sourcecode.c.objc; path = NodeDiscovery.m; sourceTree = "<group>"; };
		AC9164D219780BCA0018545D /* Node.h */ = {isa = PBXFileReference; fileEncoding = 4; lastKnownFileType = sourcecode.c.h; path = Node.h; sourceTree = "<group>"; };
		AC9164D319780BCA0018545D /* Node.m */ = {isa = PBXFileReference; fileEncoding = 4; lastKnownFileType = sourcecode.c.objc; path = Node.m; sourceTree = "<group>"; };
		AC9164D61978198F0018545D /* HTTPRequester.h */ = {isa = PBXFileReference; fileEncoding = 4; lastKnownFileType = sourcecode.c.h; path = HTTPRequester.h; sourceTree = "<group>"; };
		AC9164D71978198F0018545D /* HTTPRequester.m */ = {isa = PBXFileReference; fileEncoding = 4; lastKnownFileType = sourcecode.c.objc; path = HTTPRequester.m; sourceTree = "<group>"; };
		ACAFE4F21977B66F00F1F2E3 /* ServerDemo.app */ = {isa = PBXFileReference; explicitFileType = wrapper.application; includeInIndex = 0; path = ServerDemo.app; sourceTree = BUILT_PRODUCTS_DIR; };
		ACAFE4F61977B66F00F1F2E3 /* Info.plist */ = {isa = PBXFileReference; lastKnownFileType = text.plist.xml; path = Info.plist; sourceTree = "<group>"; };
		ACAFE4F71977B66F00F1F2E3 /* main.m */ = {isa = PBXFileReference; lastKnownFileType = sourcecode.c.objc; path = main.m; sourceTree = "<group>"; };
		ACAFE4F91977B66F00F1F2E3 /* AppDelegate.h */ = {isa = PBXFileReference; lastKnownFileType = sourcecode.c.h; path = AppDelegate.h; sourceTree = "<group>"; };
		ACAFE4FA1977B66F00F1F2E3 /* AppDelegate.m */ = {isa = PBXFileReference; lastKnownFileType = sourcecode.c.objc; path = AppDelegate.m; sourceTree = "<group>"; };
		ACAFE4FC1977B66F00F1F2E3 /* Images.xcassets */ = {isa = PBXFileReference; lastKnownFileType = folder.assetcatalog; path = Images.xcassets; sourceTree = "<group>"; };
		ACAFE4FF1977B66F00F1F2E3 /* Base */ = {isa = PBXFileReference; lastKnownFileType = file.xib; name = Base; path = Base.lproj/MainMenu.xib; sourceTree = "<group>"; };
		ACAFE5051977B66F00F1F2E3 /* ServerDemoTests.xctest */ = {isa = PBXFileReference; explicitFileType = wrapper.cfbundle; includeInIndex = 0; path = ServerDemoTests.xctest; sourceTree = BUILT_PRODUCTS_DIR; };
		ACAFE50A1977B66F00F1F2E3 /* Info.plist */ = {isa = PBXFileReference; lastKnownFileType = text.plist.xml; path = Info.plist; sourceTree = "<group>"; };
		ACAFE50B1977B66F00F1F2E3 /* ServerDemoTests.m */ = {isa = PBXFileReference; lastKnownFileType = sourcecode.c.objc; path = ServerDemoTests.m; sourceTree = "<group>"; };
		ACAFE51A1977BB6200F1F2E3 /* AnyJSON.h */ = {isa = PBXFileReference; fileEncoding = 4; lastKnownFileType = sourcecode.c.h; path = AnyJSON.h; sourceTree = "<group>"; };
		ACAFE51B1977BB6200F1F2E3 /* AnyJSON.m */ = {isa = PBXFileReference; fileEncoding = 4; lastKnownFileType = sourcecode.c.objc; path = AnyJSON.m; sourceTree = "<group>"; };
		ACAFE51E1977BB6200F1F2E3 /* DDData.h */ = {isa = PBXFileReference; fileEncoding = 4; lastKnownFileType = sourcecode.c.h; path = DDData.h; sourceTree = "<group>"; };
		ACAFE51F1977BB6200F1F2E3 /* DDData.m */ = {isa = PBXFileReference; fileEncoding = 4; lastKnownFileType = sourcecode.c.objc; path = DDData.m; sourceTree = "<group>"; };
		ACAFE5201977BB6200F1F2E3 /* DDNumber.h */ = {isa = PBXFileReference; fileEncoding = 4; lastKnownFileType = sourcecode.c.h; path = DDNumber.h; sourceTree = "<group>"; };
		ACAFE5211977BB6200F1F2E3 /* DDNumber.m */ = {isa = PBXFileReference; fileEncoding = 4; lastKnownFileType = sourcecode.c.objc; path = DDNumber.m; sourceTree = "<group>"; };
		ACAFE5221977BB6200F1F2E3 /* DDRange.h */ = {isa = PBXFileReference; fileEncoding = 4; lastKnownFileType = sourcecode.c.h; path = DDRange.h; sourceTree = "<group>"; };
		ACAFE5231977BB6200F1F2E3 /* DDRange.m */ = {isa = PBXFileReference; fileEncoding = 4; lastKnownFileType = sourcecode.c.objc; path = DDRange.m; sourceTree = "<group>"; };
		ACAFE5241977BB6200F1F2E3 /* HTTPAuthenticationRequest.h */ = {isa = PBXFileReference; fileEncoding = 4; lastKnownFileType = sourcecode.c.h; path = HTTPAuthenticationRequest.h; sourceTree = "<group>"; };
		ACAFE5251977BB6200F1F2E3 /* HTTPAuthenticationRequest.m */ = {isa = PBXFileReference; fileEncoding = 4; lastKnownFileType = sourcecode.c.objc; path = HTTPAuthenticationRequest.m; sourceTree = "<group>"; };
		ACAFE5261977BB6200F1F2E3 /* HTTPConnection.h */ = {isa = PBXFileReference; fileEncoding = 4; lastKnownFileType = sourcecode.c.h; path = HTTPConnection.h; sourceTree = "<group>"; };
		ACAFE5271977BB6200F1F2E3 /* HTTPConnection.m */ = {isa = PBXFileReference; fileEncoding = 4; lastKnownFileType = sourcecode.c.objc; path = HTTPConnection.m; sourceTree = "<group>"; };
		ACAFE5281977BB6200F1F2E3 /* HTTPLogging.h */ = {isa = PBXFileReference; fileEncoding = 4; lastKnownFileType = sourcecode.c.h; path = HTTPLogging.h; sourceTree = "<group>"; };
		ACAFE5291977BB6200F1F2E3 /* HTTPMessage.h */ = {isa = PBXFileReference; fileEncoding = 4; lastKnownFileType = sourcecode.c.h; path = HTTPMessage.h; sourceTree = "<group>"; };
		ACAFE52A1977BB6200F1F2E3 /* HTTPMessage.m */ = {isa = PBXFileReference; fileEncoding = 4; lastKnownFileType = sourcecode.c.objc; path = HTTPMessage.m; sourceTree = "<group>"; };
		ACAFE52B1977BB6200F1F2E3 /* HTTPResponse.h */ = {isa = PBXFileReference; fileEncoding = 4; lastKnownFileType = sourcecode.c.h; path = HTTPResponse.h; sourceTree = "<group>"; };
		ACAFE52C1977BB6200F1F2E3 /* HTTPServer.h */ = {isa = PBXFileReference; fileEncoding = 4; lastKnownFileType = sourcecode.c.h; path = HTTPServer.h; sourceTree = "<group>"; };
		ACAFE52D1977BB6200F1F2E3 /* HTTPServer.m */ = {isa = PBXFileReference; fileEncoding = 4; lastKnownFileType = sourcecode.c.objc; path = HTTPServer.m; sourceTree = "<group>"; };
		ACAFE52F1977BB6200F1F2E3 /* MultipartFormDataParser.h */ = {isa = PBXFileReference; fileEncoding = 4; lastKnownFileType = sourcecode.c.h; path = MultipartFormDataParser.h; sourceTree = "<group>"; };
		ACAFE5301977BB6200F1F2E3 /* MultipartFormDataParser.m */ = {isa = PBXFileReference; fileEncoding = 4; lastKnownFileType = sourcecode.c.objc; path = MultipartFormDataParser.m; sourceTree = "<group>"; };
		ACAFE5311977BB6200F1F2E3 /* MultipartMessageHeader.h */ = {isa = PBXFileReference; fileEncoding = 4; lastKnownFileType = sourcecode.c.h; path = MultipartMessageHeader.h; sourceTree = "<group>"; };
		ACAFE5321977BB6200F1F2E3 /* MultipartMessageHeader.m */ = {isa = PBXFileReference; fileEncoding = 4; lastKnownFileType = sourcecode.c.objc; path = MultipartMessageHeader.m; sourceTree = "<group>"; };
		ACAFE5331977BB6200F1F2E3 /* MultipartMessageHeaderField.h */ = {isa = PBXFileReference; fileEncoding = 4; lastKnownFileType = sourcecode.c.h; path = MultipartMessageHeaderField.h; sourceTree = "<group>"; };
		ACAFE5341977BB6200F1F2E3 /* MultipartMessageHeaderField.m */ = {isa = PBXFileReference; fileEncoding = 4; lastKnownFileType = sourcecode.c.objc; path = MultipartMessageHeaderField.m; sourceTree = "<group>"; };
		ACAFE5361977BB6200F1F2E3 /* HTTPAsyncFileResponse.h */ = {isa = PBXFileReference; fileEncoding = 4; lastKnownFileType = sourcecode.c.h; path = HTTPAsyncFileResponse.h; sourceTree = "<group>"; };
		ACAFE5371977BB6200F1F2E3 /* HTTPAsyncFileResponse.m */ = {isa = PBXFileReference; fileEncoding = 4; lastKnownFileType = sourcecode.c.objc; path = HTTPAsyncFileResponse.m; sourceTree = "<group>"; };
		ACAFE5381977BB6200F1F2E3 /* HTTPDataResponse.h */ = {isa = PBXFileReference; fileEncoding = 4; lastKnownFileType = sourcecode.c.h; path = HTTPDataResponse.h; sourceTree = "<group>"; };
		ACAFE5391977BB6200F1F2E3 /* HTTPDataResponse.m */ = {isa = PBXFileReference; fileEncoding = 4; lastKnownFileType = sourcecode.c.objc; path = HTTPDataResponse.m; sourceTree = "<group>"; };
		ACAFE53A1977BB6200F1F2E3 /* HTTPDynamicFileResponse.h */ = {isa = PBXFileReference; fileEncoding = 4; lastKnownFileType = sourcecode.c.h; path = HTTPDynamicFileResponse.h; sourceTree = "<group>"; };
		ACAFE53B1977BB6200F1F2E3 /* HTTPDynamicFileResponse.m */ = {isa = PBXFileReference; fileEncoding = 4; lastKnownFileType = sourcecode.c.objc; path = HTTPDynamicFileResponse.m; sourceTree = "<group>"; };
		ACAFE53C1977BB6200F1F2E3 /* HTTPErrorResponse.h */ = {isa = PBXFileReference; fileEncoding = 4; lastKnownFileType = sourcecode.c.h; path = HTTPErrorResponse.h; sourceTree = "<group>"; };
		ACAFE53D1977BB6200F1F2E3 /* HTTPErrorResponse.m */ = {isa = PBXFileReference; fileEncoding = 4; lastKnownFileType = sourcecode.c.objc; path = HTTPErrorResponse.m; sourceTree = "<group>"; };
		ACAFE53E1977BB6200F1F2E3 /* HTTPFileResponse.h */ = {isa = PBXFileReference; fileEncoding = 4; lastKnownFileType = sourcecode.c.h; path = HTTPFileResponse.h; sourceTree = "<group>"; };
		ACAFE53F1977BB6200F1F2E3 /* HTTPFileResponse.m */ = {isa = PBXFileReference; fileEncoding = 4; lastKnownFileType = sourcecode.c.objc; path = HTTPFileResponse.m; sourceTree = "<group>"; };
		ACAFE5401977BB6200F1F2E3 /* HTTPRedirectResponse.h */ = {isa = PBXFileReference; fileEncoding = 4; lastKnownFileType = sourcecode.c.h; path = HTTPRedirectResponse.h; sourceTree = "<group>"; };
		ACAFE5411977BB6200F1F2E3 /* HTTPRedirectResponse.m */ = {isa = PBXFileReference; fileEncoding = 4; lastKnownFileType = sourcecode.c.objc; path = HTTPRedirectResponse.m; sourceTree = "<group>"; };
		ACAFE5441977BB6200F1F2E3 /* About.txt */ = {isa = PBXFileReference; fileEncoding = 4; lastKnownFileType = text; path = About.txt; sourceTree = "<group>"; };
		ACAFE5451977BB6200F1F2E3 /* GCDAsyncSocket.h */ = {isa = PBXFileReference; fileEncoding = 4; lastKnownFileType = sourcecode.c.h; path = GCDAsyncSocket.h; sourceTree = "<group>"; };
		ACAFE5461977BB6200F1F2E3 /* GCDAsyncSocket.m */ = {isa = PBXFileReference; fileEncoding = 4; lastKnownFileType = sourcecode.c.objc; path = GCDAsyncSocket.m; sourceTree = "<group>"; };
		ACAFE5481977BB6200F1F2E3 /* About.txt */ = {isa = PBXFileReference; fileEncoding = 4; lastKnownFileType = text; path = About.txt; sourceTree = "<group>"; };
		ACAFE5491977BB6200F1F2E3 /* DDAbstractDatabaseLogger.h */ = {isa = PBXFileReference; fileEncoding = 4; lastKnownFileType = sourcecode.c.h; path = DDAbstractDatabaseLogger.h; sourceTree = "<group>"; };
		ACAFE54A1977BB6200F1F2E3 /* DDAbstractDatabaseLogger.m */ = {isa = PBXFileReference; fileEncoding = 4; lastKnownFileType = sourcecode.c.objc; path = DDAbstractDatabaseLogger.m; sourceTree = "<group>"; };
		ACAFE54B1977BB6200F1F2E3 /* DDASLLogger.h */ = {isa = PBXFileReference; fileEncoding = 4; lastKnownFileType = sourcecode.c.h; path = DDASLLogger.h; sourceTree = "<group>"; };
		ACAFE54C1977BB6200F1F2E3 /* DDASLLogger.m */ = {isa = PBXFileReference; fileEncoding = 4; lastKnownFileType = sourcecode.c.objc; path = DDASLLogger.m; sourceTree = "<group>"; };
		ACAFE54D1977BB6200F1F2E3 /* DDFileLogger.h */ = {isa = PBXFileReference; fileEncoding = 4; lastKnownFileType = sourcecode.c.h; path = DDFileLogger.h; sourceTree = "<group>"; };
		ACAFE54E1977BB6200F1F2E3 /* DDFileLogger.m */ = {isa = PBXFileReference; fileEncoding = 4; lastKnownFileType = sourcecode.c.objc; path = DDFileLogger.m; sourceTree = "<group>"; };
		ACAFE54F1977BB6200F1F2E3 /* DDLog.h */ = {isa = PBXFileReference; fileEncoding = 4; lastKnownFileType = sourcecode.c.h; path = DDLog.h; sourceTree = "<group>"; };
		ACAFE5501977BB6200F1F2E3 /* DDLog.m */ = {isa = PBXFileReference; fileEncoding = 4; lastKnownFileType = sourcecode.c.objc; path = DDLog.m; sourceTree = "<group>"; };
		ACAFE5511977BB6200F1F2E3 /* DDTTYLogger.h */ = {isa = PBXFileReference; fileEncoding = 4; lastKnownFileType = sourcecode.c.h; path = DDTTYLogger.h; sourceTree = "<group>"; };
		ACAFE5521977BB6200F1F2E3 /* DDTTYLogger.m */ = {isa = PBXFileReference; fileEncoding = 4; lastKnownFileType = sourcecode.c.objc; path = DDTTYLogger.m; sourceTree = "<group>"; };
		ACAFE5541977BB6200F1F2E3 /* ContextFilterLogFormatter.h */ = {isa = PBXFileReference; fileEncoding = 4; lastKnownFileType = sourcecode.c.h; path = ContextFilterLogFormatter.h; sourceTree = "<group>"; };
		ACAFE5551977BB6200F1F2E3 /* ContextFilterLogFormatter.m */ = {isa = PBXFileReference; fileEncoding = 4; lastKnownFileType = sourcecode.c.objc; path = ContextFilterLogFormatter.m; sourceTree = "<group>"; };
		ACAFE5561977BB6200F1F2E3 /* DispatchQueueLogFormatter.h */ = {isa = PBXFileReference; fileEncoding = 4; lastKnownFileType = sourcecode.c.h; path = DispatchQueueLogFormatter.h; sourceTree = "<group>"; };
		ACAFE5571977BB6200F1F2E3 /* DispatchQueueLogFormatter.m */ = {isa = PBXFileReference; fileEncoding = 4; lastKnownFileType = sourcecode.c.objc; path = DispatchQueueLogFormatter.m; sourceTree = "<group>"; };
		ACAFE5581977BB6200F1F2E3 /* README.txt */ = {isa = PBXFileReference; fileEncoding = 4; lastKnownFileType = text; path = README.txt; sourceTree = "<group>"; };
		ACAFE5591977BB6200F1F2E3 /* WebSocket.h */ = {isa = PBXFileReference; fileEncoding = 4; lastKnownFileType = sourcecode.c.h; path = WebSocket.h; sourceTree = "<group>"; };
		ACAFE55A1977BB6200F1F2E3 /* WebSocket.m */ = {isa = PBXFileReference; fileEncoding = 4; lastKnownFileType = sourcecode.c.objc; path = WebSocket.m; sourceTree = "<group>"; };
		ACAFE55B1977BB6200F1F2E3 /* LoadableCategory.h */ = {isa = PBXFileReference; fileEncoding = 4; lastKnownFileType = sourcecode.c.h; path = LoadableCategory.h; sourceTree = "<group>"; };
		ACAFE5BD1977BB6200F1F2E3 /* FrankCommandRoute.h */ = {isa = PBXFileReference; fileEncoding = 4; lastKnownFileType = sourcecode.c.h; path = FrankCommandRoute.h; sourceTree = "<group>"; };
		ACAFE5BE1977BB6200F1F2E3 /* FrankCommandRoute.m */ = {isa = PBXFileReference; fileEncoding = 4; lastKnownFileType = sourcecode.c.objc; path = FrankCommandRoute.m; sourceTree = "<group>"; };
		ACAFE5BF1977BB6200F1F2E3 /* FrankLoader.h */ = {isa = PBXFileReference; fileEncoding = 4; lastKnownFileType = sourcecode.c.h; path = FrankLoader.h; sourceTree = "<group>"; };
		ACAFE5C01977BB6200F1F2E3 /* FrankLoader.m */ = {isa = PBXFileReference; fileEncoding = 4; lastKnownFileType = sourcecode.c.objc; path = FrankLoader.m; sourceTree = "<group>"; };
		ACAFE5C11977BB6200F1F2E3 /* FranklyProtocolHelper.h */ = {isa = PBXFileReference; fileEncoding = 4; lastKnownFileType = sourcecode.c.h; path = FranklyProtocolHelper.h; sourceTree = "<group>"; };
		ACAFE5C21977BB6200F1F2E3 /* FranklyProtocolHelper.m */ = {isa = PBXFileReference; fileEncoding = 4; lastKnownFileType = sourcecode.c.objc; path = FranklyProtocolHelper.m; sourceTree = "<group>"; };
		ACAFE5C41977BB6200F1F2E3 /* FrankServer.h */ = {isa = PBXFileReference; fileEncoding = 4; lastKnownFileType = sourcecode.c.h; path = FrankServer.h; sourceTree = "<group>"; };
		ACAFE5C51977BB6200F1F2E3 /* FrankServer.m */ = {isa = PBXFileReference; fileEncoding = 4; lastKnownFileType = sourcecode.c.objc; path = FrankServer.m; sourceTree = "<group>"; };
		ACAFE5DC1977BB6200F1F2E3 /* Operation.h */ = {isa = PBXFileReference; fileEncoding = 4; lastKnownFileType = sourcecode.c.h; path = Operation.h; sourceTree = "<group>"; };
		ACAFE5DD1977BB6200F1F2E3 /* Operation.m */ = {isa = PBXFileReference; fileEncoding = 4; lastKnownFileType = sourcecode.c.objc; path = Operation.m; sourceTree = "<group>"; };
		ACAFE5E21977BB6200F1F2E3 /* RequestRouter.h */ = {isa = PBXFileReference; fileEncoding = 4; lastKnownFileType = sourcecode.c.h; path = RequestRouter.h; sourceTree = "<group>"; };
		ACAFE5E31977BB6200F1F2E3 /* RequestRouter.m */ = {isa = PBXFileReference; fileEncoding = 4; lastKnownFileType = sourcecode.c.objc; path = RequestRouter.m; sourceTree = "<group>"; };
		ACAFE5E61977BB6200F1F2E3 /* RoutingHTTPConnection.h */ = {isa = PBXFileReference; fileEncoding = 4; lastKnownFileType = sourcecode.c.h; path = RoutingHTTPConnection.h; sourceTree = "<group>"; };
		ACAFE5E71977BB6200F1F2E3 /* RoutingHTTPConnection.m */ = {isa = PBXFileReference; fileEncoding = 4; lastKnownFileType = sourcecode.c.objc; path = RoutingHTTPConnection.m; sourceTree = "<group>"; };
		ACAFE5EC1977BB6200F1F2E3 /* SuccessCommand.h */ = {isa = PBXFileReference; fileEncoding = 4; lastKnownFileType = sourcecode.c.h; path = SuccessCommand.h; sourceTree = "<group>"; };
		ACAFE5ED1977BB6200F1F2E3 /* SuccessCommand.m */ = {isa = PBXFileReference; fileEncoding = 4; lastKnownFileType = sourcecode.c.objc; path = SuccessCommand.m; sourceTree = "<group>"; };
		ACAFE5FB1977BB6200F1F2E3 /* VersionCommand.h */ = {isa = PBXFileReference; fileEncoding = 4; lastKnownFileType = sourcecode.c.h; path = VersionCommand.h; sourceTree = "<group>"; };
		ACAFE5FC1977BB6200F1F2E3 /* VersionCommand.m */ = {isa = PBXFileReference; fileEncoding = 4; lastKnownFileType = sourcecode.c.objc; path = VersionCommand.m; sourceTree = "<group>"; };
		ACAFE5FD1977BB6200F1F2E3 /* ViewJSONSerializer.h */ = {isa = PBXFileReference; fileEncoding = 4; lastKnownFileType = sourcecode.c.h; path = ViewJSONSerializer.h; sourceTree = "<group>"; };
		ACAFE5FE1977BB6200F1F2E3 /* ViewJSONSerializer.m */ = {isa = PBXFileReference; fileEncoding = 4; lastKnownFileType = sourcecode.c.objc; path = ViewJSONSerializer.m; sourceTree = "<group>"; };
		ACAFE6771977BE2800F1F2E3 /* JSON.h */ = {isa = PBXFileReference; lastKnownFileType = sourcecode.c.h; path = JSON.h; sourceTree = "<group>"; };
		ACDA02521979107900398AF1 /* Endpoints.h */ = {isa = PBXFileReference; lastKnownFileType = sourcecode.c.h; path = Endpoints.h; sourceTree = "<group>"; };
/* End PBXFileReference section */

/* Begin PBXFrameworksBuildPhase section */
		ACAFE4EF1977B66F00F1F2E3 /* Frameworks */ = {
			isa = PBXFrameworksBuildPhase;
			buildActionMask = 2147483647;
			files = (
			);
			runOnlyForDeploymentPostprocessing = 0;
		};
		ACAFE5021977B66F00F1F2E3 /* Frameworks */ = {
			isa = PBXFrameworksBuildPhase;
			buildActionMask = 2147483647;
			files = (
			);
			runOnlyForDeploymentPostprocessing = 0;
		};
/* End PBXFrameworksBuildPhase section */

/* Begin PBXGroup section */
		AC9164D119780BB40018545D /* NodeLogic */ = {
			isa = PBXGroup;
			children = (
				AC9164D219780BCA0018545D /* Node.h */,
				AC9164D319780BCA0018545D /* Node.m */,
				AC9164CE19780B860018545D /* NodeDiscovery.h */,
				AC9164CF19780B860018545D /* NodeDiscovery.m */,
			);
			name = NodeLogic;
			sourceTree = "<group>";
		};
		AC9164D5197819620018545D /* HTTPUtils */ = {
			isa = PBXGroup;
			children = (
				AC9164D61978198F0018545D /* HTTPRequester.h */,
				AC9164D71978198F0018545D /* HTTPRequester.m */,
			);
			name = HTTPUtils;
			sourceTree = "<group>";
		};
		ACAFE4E91977B66F00F1F2E3 = {
			isa = PBXGroup;
			children = (
				ACAFE6781978047100F1F2E3 /* Server */,
				ACAFE4F41977B66F00F1F2E3 /* ServerDemo */,
				ACAFE5081977B66F00F1F2E3 /* ServerDemoTests */,
				ACAFE4F31977B66F00F1F2E3 /* Products */,
			);
			sourceTree = "<group>";
		};
		ACAFE4F31977B66F00F1F2E3 /* Products */ = {
			isa = PBXGroup;
			children = (
				ACAFE4F21977B66F00F1F2E3 /* ServerDemo.app */,
				ACAFE5051977B66F00F1F2E3 /* ServerDemoTests.xctest */,
			);
			name = Products;
			sourceTree = "<group>";
		};
		ACAFE4F41977B66F00F1F2E3 /* ServerDemo */ = {
			isa = PBXGroup;
			children = (
				ACAFE4F91977B66F00F1F2E3 /* AppDelegate.h */,
				ACAFE4FA1977B66F00F1F2E3 /* AppDelegate.m */,
				ACAFE4FC1977B66F00F1F2E3 /* Images.xcassets */,
				ACAFE4FE1977B66F00F1F2E3 /* MainMenu.xib */,
				ACAFE4F51977B66F00F1F2E3 /* Supporting Files */,
			);
			path = ServerDemo;
			sourceTree = "<group>";
		};
		ACAFE4F51977B66F00F1F2E3 /* Supporting Files */ = {
			isa = PBXGroup;
			children = (
				ACAFE4F61977B66F00F1F2E3 /* Info.plist */,
				ACAFE4F71977B66F00F1F2E3 /* main.m */,
			);
			name = "Supporting Files";
			sourceTree = "<group>";
		};
		ACAFE5081977B66F00F1F2E3 /* ServerDemoTests */ = {
			isa = PBXGroup;
			children = (
				ACAFE50B1977B66F00F1F2E3 /* ServerDemoTests.m */,
				ACAFE5091977B66F00F1F2E3 /* Supporting Files */,
			);
			path = ServerDemoTests;
			sourceTree = "<group>";
		};
		ACAFE5091977B66F00F1F2E3 /* Supporting Files */ = {
			isa = PBXGroup;
			children = (
				ACAFE50A1977B66F00F1F2E3 /* Info.plist */,
			);
			name = "Supporting Files";
			sourceTree = "<group>";
		};
		ACAFE5181977BB6200F1F2E3 /* lib */ = {
			isa = PBXGroup;
			children = (
				ACAFE5191977BB6200F1F2E3 /* AnyJSON */,
				ACAFE51C1977BB6200F1F2E3 /* cocoahttpserver */,
				ACAFE55B1977BB6200F1F2E3 /* LoadableCategory.h */,
			);
			path = lib;
			sourceTree = "<group>";
		};
		ACAFE5191977BB6200F1F2E3 /* AnyJSON */ = {
			isa = PBXGroup;
			children = (
				ACAFE51A1977BB6200F1F2E3 /* AnyJSON.h */,
				ACAFE51B1977BB6200F1F2E3 /* AnyJSON.m */,
			);
			path = AnyJSON;
			sourceTree = "<group>";
		};
		ACAFE51C1977BB6200F1F2E3 /* cocoahttpserver */ = {
			isa = PBXGroup;
			children = (
				ACAFE51D1977BB6200F1F2E3 /* Categories */,
				ACAFE5241977BB6200F1F2E3 /* HTTPAuthenticationRequest.h */,
				ACAFE5251977BB6200F1F2E3 /* HTTPAuthenticationRequest.m */,
				ACAFE5261977BB6200F1F2E3 /* HTTPConnection.h */,
				ACAFE5271977BB6200F1F2E3 /* HTTPConnection.m */,
				ACAFE5281977BB6200F1F2E3 /* HTTPLogging.h */,
				ACAFE5291977BB6200F1F2E3 /* HTTPMessage.h */,
				ACAFE52A1977BB6200F1F2E3 /* HTTPMessage.m */,
				ACAFE52B1977BB6200F1F2E3 /* HTTPResponse.h */,
				ACAFE52C1977BB6200F1F2E3 /* HTTPServer.h */,
				ACAFE52D1977BB6200F1F2E3 /* HTTPServer.m */,
				ACAFE52E1977BB6200F1F2E3 /* Mime */,
				ACAFE5351977BB6200F1F2E3 /* Responses */,
				ACAFE5421977BB6200F1F2E3 /* Vendor */,
				ACAFE5591977BB6200F1F2E3 /* WebSocket.h */,
				ACAFE55A1977BB6200F1F2E3 /* WebSocket.m */,
			);
			path = cocoahttpserver;
			sourceTree = "<group>";
		};
		ACAFE51D1977BB6200F1F2E3 /* Categories */ = {
			isa = PBXGroup;
			children = (
				ACAFE51E1977BB6200F1F2E3 /* DDData.h */,
				ACAFE51F1977BB6200F1F2E3 /* DDData.m */,
				ACAFE5201977BB6200F1F2E3 /* DDNumber.h */,
				ACAFE5211977BB6200F1F2E3 /* DDNumber.m */,
				ACAFE5221977BB6200F1F2E3 /* DDRange.h */,
				ACAFE5231977BB6200F1F2E3 /* DDRange.m */,
			);
			path = Categories;
			sourceTree = "<group>";
		};
		ACAFE52E1977BB6200F1F2E3 /* Mime */ = {
			isa = PBXGroup;
			children = (
				ACAFE52F1977BB6200F1F2E3 /* MultipartFormDataParser.h */,
				ACAFE5301977BB6200F1F2E3 /* MultipartFormDataParser.m */,
				ACAFE5311977BB6200F1F2E3 /* MultipartMessageHeader.h */,
				ACAFE5321977BB6200F1F2E3 /* MultipartMessageHeader.m */,
				ACAFE5331977BB6200F1F2E3 /* MultipartMessageHeaderField.h */,
				ACAFE5341977BB6200F1F2E3 /* MultipartMessageHeaderField.m */,
			);
			path = Mime;
			sourceTree = "<group>";
		};
		ACAFE5351977BB6200F1F2E3 /* Responses */ = {
			isa = PBXGroup;
			children = (
				ACAFE5361977BB6200F1F2E3 /* HTTPAsyncFileResponse.h */,
				ACAFE5371977BB6200F1F2E3 /* HTTPAsyncFileResponse.m */,
				ACAFE5381977BB6200F1F2E3 /* HTTPDataResponse.h */,
				ACAFE5391977BB6200F1F2E3 /* HTTPDataResponse.m */,
				ACAFE53A1977BB6200F1F2E3 /* HTTPDynamicFileResponse.h */,
				ACAFE53B1977BB6200F1F2E3 /* HTTPDynamicFileResponse.m */,
				ACAFE53C1977BB6200F1F2E3 /* HTTPErrorResponse.h */,
				ACAFE53D1977BB6200F1F2E3 /* HTTPErrorResponse.m */,
				ACAFE53E1977BB6200F1F2E3 /* HTTPFileResponse.h */,
				ACAFE53F1977BB6200F1F2E3 /* HTTPFileResponse.m */,
				ACAFE5401977BB6200F1F2E3 /* HTTPRedirectResponse.h */,
				ACAFE5411977BB6200F1F2E3 /* HTTPRedirectResponse.m */,
			);
			path = Responses;
			sourceTree = "<group>";
		};
		ACAFE5421977BB6200F1F2E3 /* Vendor */ = {
			isa = PBXGroup;
			children = (
				ACAFE5431977BB6200F1F2E3 /* CocoaAsyncSocket */,
				ACAFE5471977BB6200F1F2E3 /* CocoaLumberjack */,
			);
			path = Vendor;
			sourceTree = "<group>";
		};
		ACAFE5431977BB6200F1F2E3 /* CocoaAsyncSocket */ = {
			isa = PBXGroup;
			children = (
				ACAFE5441977BB6200F1F2E3 /* About.txt */,
				ACAFE5451977BB6200F1F2E3 /* GCDAsyncSocket.h */,
				ACAFE5461977BB6200F1F2E3 /* GCDAsyncSocket.m */,
			);
			path = CocoaAsyncSocket;
			sourceTree = "<group>";
		};
		ACAFE5471977BB6200F1F2E3 /* CocoaLumberjack */ = {
			isa = PBXGroup;
			children = (
				ACAFE5481977BB6200F1F2E3 /* About.txt */,
				ACAFE5491977BB6200F1F2E3 /* DDAbstractDatabaseLogger.h */,
				ACAFE54A1977BB6200F1F2E3 /* DDAbstractDatabaseLogger.m */,
				ACAFE54B1977BB6200F1F2E3 /* DDASLLogger.h */,
				ACAFE54C1977BB6200F1F2E3 /* DDASLLogger.m */,
				ACAFE54D1977BB6200F1F2E3 /* DDFileLogger.h */,
				ACAFE54E1977BB6200F1F2E3 /* DDFileLogger.m */,
				ACAFE54F1977BB6200F1F2E3 /* DDLog.h */,
				ACAFE5501977BB6200F1F2E3 /* DDLog.m */,
				ACAFE5511977BB6200F1F2E3 /* DDTTYLogger.h */,
				ACAFE5521977BB6200F1F2E3 /* DDTTYLogger.m */,
				ACAFE5531977BB6200F1F2E3 /* Extensions */,
			);
			path = CocoaLumberjack;
			sourceTree = "<group>";
		};
		ACAFE5531977BB6200F1F2E3 /* Extensions */ = {
			isa = PBXGroup;
			children = (
				ACAFE5541977BB6200F1F2E3 /* ContextFilterLogFormatter.h */,
				ACAFE5551977BB6200F1F2E3 /* ContextFilterLogFormatter.m */,
				ACAFE5561977BB6200F1F2E3 /* DispatchQueueLogFormatter.h */,
				ACAFE5571977BB6200F1F2E3 /* DispatchQueueLogFormatter.m */,
				ACAFE5581977BB6200F1F2E3 /* README.txt */,
			);
			path = Extensions;
			sourceTree = "<group>";
		};
		ACAFE5AB1977BB6200F1F2E3 /* src */ = {
			isa = PBXGroup;
			children = (
				ACAFE6771977BE2800F1F2E3 /* JSON.h */,
				ACDA02521979107900398AF1 /* Endpoints.h */,
				AC9164D5197819620018545D /* HTTPUtils */,
				ACAFE679197804CA00F1F2E3 /* Commands */,
				ACAFE67A197804DF00F1F2E3 /* ServerLogic */,
				AC9164D119780BB40018545D /* NodeLogic */,
			);
			path = src;
			sourceTree = "<group>";
		};
		ACAFE6781978047100F1F2E3 /* Server */ = {
			isa = PBXGroup;
			children = (
				ACAFE5181977BB6200F1F2E3 /* lib */,
				ACAFE5AB1977BB6200F1F2E3 /* src */,
			);
			name = Server;
			sourceTree = "<group>";
		};
		ACAFE679197804CA00F1F2E3 /* Commands */ = {
			isa = PBXGroup;
			children = (
				ACAFE5EC1977BB6200F1F2E3 /* SuccessCommand.h */,
				ACAFE5ED1977BB6200F1F2E3 /* SuccessCommand.m */,
				ACAFE5FB1977BB6200F1F2E3 /* VersionCommand.h */,
				ACAFE5FC1977BB6200F1F2E3 /* VersionCommand.m */,
				AC9164CB1978067F0018545D /* DiscoveryCommand.h */,
				AC9164CC1978067F0018545D /* DiscoveryCommand.m */,
			);
			name = Commands;
			sourceTree = "<group>";
		};
		ACAFE67A197804DF00F1F2E3 /* ServerLogic */ = {
			isa = PBXGroup;
			children = (
				ACAFE5BD1977BB6200F1F2E3 /* FrankCommandRoute.h */,
				ACAFE5BE1977BB6200F1F2E3 /* FrankCommandRoute.m */,
				ACAFE5BF1977BB6200F1F2E3 /* FrankLoader.h */,
				ACAFE5C01977BB6200F1F2E3 /* FrankLoader.m */,
				ACAFE5C11977BB6200F1F2E3 /* FranklyProtocolHelper.h */,
				ACAFE5C21977BB6200F1F2E3 /* FranklyProtocolHelper.m */,
				ACAFE5C41977BB6200F1F2E3 /* FrankServer.h */,
				ACAFE5C51977BB6200F1F2E3 /* FrankServer.m */,
				ACAFE5DC1977BB6200F1F2E3 /* Operation.h */,
				ACAFE5DD1977BB6200F1F2E3 /* Operation.m */,
				ACAFE5E21977BB6200F1F2E3 /* RequestRouter.h */,
				ACAFE5E31977BB6200F1F2E3 /* RequestRouter.m */,
				ACAFE5E61977BB6200F1F2E3 /* RoutingHTTPConnection.h */,
				ACAFE5E71977BB6200F1F2E3 /* RoutingHTTPConnection.m */,
				ACAFE5FD1977BB6200F1F2E3 /* ViewJSONSerializer.h */,
				ACAFE5FE1977BB6200F1F2E3 /* ViewJSONSerializer.m */,
			);
			name = ServerLogic;
			sourceTree = "<group>";
		};
/* End PBXGroup section */

/* Begin PBXNativeTarget section */
		ACAFE4F11977B66F00F1F2E3 /* ServerDemo */ = {
			isa = PBXNativeTarget;
			buildConfigurationList = ACAFE50F1977B66F00F1F2E3 /* Build configuration list for PBXNativeTarget "ServerDemo" */;
			buildPhases = (
				ACAFE4EE1977B66F00F1F2E3 /* Sources */,
				ACAFE4EF1977B66F00F1F2E3 /* Frameworks */,
				ACAFE4F01977B66F00F1F2E3 /* Resources */,
			);
			buildRules = (
			);
			dependencies = (
			);
			name = ServerDemo;
			productName = ServerDemo;
			productReference = ACAFE4F21977B66F00F1F2E3 /* ServerDemo.app */;
			productType = "com.apple.product-type.application";
		};
		ACAFE5041977B66F00F1F2E3 /* ServerDemoTests */ = {
			isa = PBXNativeTarget;
			buildConfigurationList = ACAFE5121977B66F00F1F2E3 /* Build configuration list for PBXNativeTarget "ServerDemoTests" */;
			buildPhases = (
				ACAFE5011977B66F00F1F2E3 /* Sources */,
				ACAFE5021977B66F00F1F2E3 /* Frameworks */,
				ACAFE5031977B66F00F1F2E3 /* Resources */,
			);
			buildRules = (
			);
			dependencies = (
				ACAFE5071977B66F00F1F2E3 /* PBXTargetDependency */,
			);
			name = ServerDemoTests;
			productName = ServerDemoTests;
			productReference = ACAFE5051977B66F00F1F2E3 /* ServerDemoTests.xctest */;
			productType = "com.apple.product-type.bundle.unit-test";
		};
/* End PBXNativeTarget section */

/* Begin PBXProject section */
		ACAFE4EA1977B66F00F1F2E3 /* Project object */ = {
			isa = PBXProject;
			attributes = {
				LastUpgradeCheck = 0600;
				ORGANIZATIONNAME = softvision;
				TargetAttributes = {
					ACAFE4F11977B66F00F1F2E3 = {
						CreatedOnToolsVersion = 6.0;
					};
					ACAFE5041977B66F00F1F2E3 = {
						CreatedOnToolsVersion = 6.0;
						TestTargetID = ACAFE4F11977B66F00F1F2E3;
					};
				};
			};
			buildConfigurationList = ACAFE4ED1977B66F00F1F2E3 /* Build configuration list for PBXProject "ServerDemo" */;
			compatibilityVersion = "Xcode 3.2";
			developmentRegion = English;
			hasScannedForEncodings = 0;
			knownRegions = (
				en,
				Base,
			);
			mainGroup = ACAFE4E91977B66F00F1F2E3;
			productRefGroup = ACAFE4F31977B66F00F1F2E3 /* Products */;
			projectDirPath = "";
			projectRoot = "";
			targets = (
				ACAFE4F11977B66F00F1F2E3 /* ServerDemo */,
				ACAFE5041977B66F00F1F2E3 /* ServerDemoTests */,
			);
		};
/* End PBXProject section */

/* Begin PBXResourcesBuildPhase section */
		ACAFE4F01977B66F00F1F2E3 /* Resources */ = {
			isa = PBXResourcesBuildPhase;
			buildActionMask = 2147483647;
			files = (
				ACAFE6101977BB6200F1F2E3 /* About.txt in Resources */,
				ACAFE4FD1977B66F00F1F2E3 /* Images.xcassets in Resources */,
				ACAFE6121977BB6200F1F2E3 /* About.txt in Resources */,
				ACAFE5001977B66F00F1F2E3 /* MainMenu.xib in Resources */,
				ACAFE61A1977BB6200F1F2E3 /* README.txt in Resources */,
			);
			runOnlyForDeploymentPostprocessing = 0;
		};
		ACAFE5031977B66F00F1F2E3 /* Resources */ = {
			isa = PBXResourcesBuildPhase;
			buildActionMask = 2147483647;
			files = (
			);
			runOnlyForDeploymentPostprocessing = 0;
		};
/* End PBXResourcesBuildPhase section */

/* Begin PBXSourcesBuildPhase section */
		ACAFE4EE1977B66F00F1F2E3 /* Sources */ = {
			isa = PBXSourcesBuildPhase;
			buildActionMask = 2147483647;
			files = (
				ACAFE60F1977BB6200F1F2E3 /* HTTPRedirectResponse.m in Sources */,
				ACAFE5FF1977BB6200F1F2E3 /* AnyJSON.m in Sources */,
				ACAFE6151977BB6200F1F2E3 /* DDFileLogger.m in Sources */,
				ACAFE6581977BB6200F1F2E3 /* RoutingHTTPConnection.m in Sources */,
				ACAFE6091977BB6200F1F2E3 /* MultipartMessageHeaderField.m in Sources */,
				ACAFE6051977BB6200F1F2E3 /* HTTPMessage.m in Sources */,
				ACAFE60A1977BB6200F1F2E3 /* HTTPAsyncFileResponse.m in Sources */,
				ACAFE6461977BB6200F1F2E3 /* FranklyProtocolHelper.m in Sources */,
				AC9164D019780B860018545D /* NodeDiscovery.m in Sources */,
				ACAFE60E1977BB6200F1F2E3 /* HTTPFileResponse.m in Sources */,
				ACAFE6071977BB6200F1F2E3 /* MultipartFormDataParser.m in Sources */,
				ACAFE6081977BB6200F1F2E3 /* MultipartMessageHeader.m in Sources */,
				ACAFE6181977BB6200F1F2E3 /* ContextFilterLogFormatter.m in Sources */,
				ACAFE6001977BB6200F1F2E3 /* DDData.m in Sources */,
				ACAFE6561977BB6200F1F2E3 /* RequestRouter.m in Sources */,
				ACAFE4FB1977B66F00F1F2E3 /* AppDelegate.m in Sources */,
				ACAFE6171977BB6200F1F2E3 /* DDTTYLogger.m in Sources */,
				ACAFE65B1977BB6200F1F2E3 /* SuccessCommand.m in Sources */,
				AC9164D81978198F0018545D /* HTTPRequester.m in Sources */,
				ACAFE6671977BB6200F1F2E3 /* ViewJSONSerializer.m in Sources */,
				ACAFE6451977BB6200F1F2E3 /* FrankLoader.m in Sources */,
				ACAFE60D1977BB6200F1F2E3 /* HTTPErrorResponse.m in Sources */,
				ACAFE6161977BB6200F1F2E3 /* DDLog.m in Sources */,
				ACAFE6131977BB6200F1F2E3 /* DDAbstractDatabaseLogger.m in Sources */,
				ACAFE60C1977BB6200F1F2E3 /* HTTPDynamicFileResponse.m in Sources */,
				ACAFE61B1977BB6200F1F2E3 /* WebSocket.m in Sources */,
				ACAFE6471977BB6200F1F2E3 /* FrankServer.m in Sources */,
				AC9164D419780BCA0018545D /* Node.m in Sources */,
				ACAFE60B1977BB6200F1F2E3 /* HTTPDataResponse.m in Sources */,
				ACAFE6141977BB6200F1F2E3 /* DDASLLogger.m in Sources */,
				AC9164CD1978067F0018545D /* DiscoveryCommand.m in Sources */,
				ACAFE6661977BB6200F1F2E3 /* VersionCommand.m in Sources */,
				ACAFE6061977BB6200F1F2E3 /* HTTPServer.m in Sources */,
				ACAFE6041977BB6200F1F2E3 /* HTTPConnection.m in Sources */,
				ACAFE6031977BB6200F1F2E3 /* HTTPAuthenticationRequest.m in Sources */,
				ACAFE6441977BB6200F1F2E3 /* FrankCommandRoute.m in Sources */,
				ACAFE6191977BB6200F1F2E3 /* DispatchQueueLogFormatter.m in Sources */,
				ACAFE6111977BB6200F1F2E3 /* GCDAsyncSocket.m in Sources */,
				ACAFE6021977BB6200F1F2E3 /* DDRange.m in Sources */,
				ACAFE6011977BB6200F1F2E3 /* DDNumber.m in Sources */,
				ACAFE6531977BB6200F1F2E3 /* Operation.m in Sources */,
				ACAFE4F81977B66F00F1F2E3 /* main.m in Sources */,
			);
			runOnlyForDeploymentPostprocessing = 0;
		};
		ACAFE5011977B66F00F1F2E3 /* Sources */ = {
			isa = PBXSourcesBuildPhase;
			buildActionMask = 2147483647;
			files = (
				ACAFE50C1977B66F00F1F2E3 /* ServerDemoTests.m in Sources */,
			);
			runOnlyForDeploymentPostprocessing = 0;
		};
/* End PBXSourcesBuildPhase section */

/* Begin PBXTargetDependency section */
		ACAFE5071977B66F00F1F2E3 /* PBXTargetDependency */ = {
			isa = PBXTargetDependency;
			target = ACAFE4F11977B66F00F1F2E3 /* ServerDemo */;
			targetProxy = ACAFE5061977B66F00F1F2E3 /* PBXContainerItemProxy */;
		};
/* End PBXTargetDependency section */

/* Begin PBXVariantGroup section */
		ACAFE4FE1977B66F00F1F2E3 /* MainMenu.xib */ = {
			isa = PBXVariantGroup;
			children = (
				ACAFE4FF1977B66F00F1F2E3 /* Base */,
			);
			name = MainMenu.xib;
			sourceTree = "<group>";
		};
/* End PBXVariantGroup section */

/* Begin XCBuildConfiguration section */
		ACAFE50D1977B66F00F1F2E3 /* Debug */ = {
			isa = XCBuildConfiguration;
			buildSettings = {
				ALWAYS_SEARCH_USER_PATHS = NO;
				CLANG_CXX_LANGUAGE_STANDARD = "gnu++0x";
				CLANG_CXX_LIBRARY = "libc++";
				CLANG_ENABLE_MODULES = YES;
				CLANG_ENABLE_OBJC_ARC = YES;
				CLANG_WARN_BOOL_CONVERSION = YES;
				CLANG_WARN_CONSTANT_CONVERSION = YES;
				CLANG_WARN_DIRECT_OBJC_ISA_USAGE = YES_ERROR;
				CLANG_WARN_EMPTY_BODY = YES;
				CLANG_WARN_ENUM_CONVERSION = YES;
				CLANG_WARN_INT_CONVERSION = YES;
				CLANG_WARN_OBJC_ROOT_CLASS = YES_ERROR;
				CLANG_WARN_UNREACHABLE_CODE = YES;
				CLANG_WARN__DUPLICATE_METHOD_MATCH = YES;
				CODE_SIGN_IDENTITY = "-";
				COPY_PHASE_STRIP = NO;
				ENABLE_STRICT_OBJC_MSGSEND = YES;
				GCC_C_LANGUAGE_STANDARD = gnu99;
				GCC_DYNAMIC_NO_PIC = NO;
				GCC_OPTIMIZATION_LEVEL = 0;
				GCC_PREPROCESSOR_DEFINITIONS = (
					"DEBUG=1",
					"$(inherited)",
				);
				GCC_SYMBOLS_PRIVATE_EXTERN = NO;
				GCC_WARN_64_TO_32_BIT_CONVERSION = YES;
				GCC_WARN_ABOUT_RETURN_TYPE = YES_ERROR;
				GCC_WARN_UNDECLARED_SELECTOR = YES;
				GCC_WARN_UNINITIALIZED_AUTOS = YES_AGGRESSIVE;
				GCC_WARN_UNUSED_FUNCTION = YES;
				GCC_WARN_UNUSED_VARIABLE = YES;
				MACOSX_DEPLOYMENT_TARGET = 10.9;
				METAL_ENABLE_DEBUG_INFO = YES;
				ONLY_ACTIVE_ARCH = YES;
				SDKROOT = macosx;
			};
			name = Debug;
		};
		ACAFE50E1977B66F00F1F2E3 /* Release */ = {
			isa = XCBuildConfiguration;
			buildSettings = {
				ALWAYS_SEARCH_USER_PATHS = NO;
				CLANG_CXX_LANGUAGE_STANDARD = "gnu++0x";
				CLANG_CXX_LIBRARY = "libc++";
				CLANG_ENABLE_MODULES = YES;
				CLANG_ENABLE_OBJC_ARC = YES;
				CLANG_WARN_BOOL_CONVERSION = YES;
				CLANG_WARN_CONSTANT_CONVERSION = YES;
				CLANG_WARN_DIRECT_OBJC_ISA_USAGE = YES_ERROR;
				CLANG_WARN_EMPTY_BODY = YES;
				CLANG_WARN_ENUM_CONVERSION = YES;
				CLANG_WARN_INT_CONVERSION = YES;
				CLANG_WARN_OBJC_ROOT_CLASS = YES_ERROR;
				CLANG_WARN_UNREACHABLE_CODE = YES;
				CLANG_WARN__DUPLICATE_METHOD_MATCH = YES;
				CODE_SIGN_IDENTITY = "-";
				COPY_PHASE_STRIP = YES;
				DEBUG_INFORMATION_FORMAT = "dwarf-with-dsym";
				ENABLE_NS_ASSERTIONS = NO;
				ENABLE_STRICT_OBJC_MSGSEND = YES;
				GCC_C_LANGUAGE_STANDARD = gnu99;
				GCC_WARN_64_TO_32_BIT_CONVERSION = YES;
				GCC_WARN_ABOUT_RETURN_TYPE = YES_ERROR;
				GCC_WARN_UNDECLARED_SELECTOR = YES;
				GCC_WARN_UNINITIALIZED_AUTOS = YES_AGGRESSIVE;
				GCC_WARN_UNUSED_FUNCTION = YES;
				GCC_WARN_UNUSED_VARIABLE = YES;
				MACOSX_DEPLOYMENT_TARGET = 10.9;
				METAL_ENABLE_DEBUG_INFO = NO;
				SDKROOT = macosx;
			};
			name = Release;
		};
		ACAFE5101977B66F00F1F2E3 /* Debug */ = {
			isa = XCBuildConfiguration;
			buildSettings = {
				ASSETCATALOG_COMPILER_APPICON_NAME = AppIcon;
				COMBINE_HIDPI_IMAGES = YES;
				INFOPLIST_FILE = ServerDemo/Info.plist;
				LD_RUNPATH_SEARCH_PATHS = "$(inherited) @executable_path/../Frameworks";
				PRODUCT_NAME = "$(TARGET_NAME)";
			};
			name = Debug;
		};
		ACAFE5111977B66F00F1F2E3 /* Release */ = {
			isa = XCBuildConfiguration;
			buildSettings = {
				ASSETCATALOG_COMPILER_APPICON_NAME = AppIcon;
				COMBINE_HIDPI_IMAGES = YES;
				INFOPLIST_FILE = ServerDemo/Info.plist;
				LD_RUNPATH_SEARCH_PATHS = "$(inherited) @executable_path/../Frameworks";
				PRODUCT_NAME = "$(TARGET_NAME)";
			};
			name = Release;
		};
		ACAFE5131977B66F00F1F2E3 /* Debug */ = {
			isa = XCBuildConfiguration;
			buildSettings = {
				BUNDLE_LOADER = "$(BUILT_PRODUCTS_DIR)/ServerDemo.app/Contents/MacOS/ServerDemo";
				COMBINE_HIDPI_IMAGES = YES;
				FRAMEWORK_SEARCH_PATHS = (
					"$(DEVELOPER_FRAMEWORKS_DIR)",
					"$(inherited)",
				);
				GCC_PREPROCESSOR_DEFINITIONS = (
					"DEBUG=1",
					"$(inherited)",
				);
				INFOPLIST_FILE = ServerDemoTests/Info.plist;
				LD_RUNPATH_SEARCH_PATHS = "$(inherited) @executable_path/../Frameworks @loader_path/../Frameworks";
				METAL_ENABLE_DEBUG_INFO = YES;
				PRODUCT_NAME = "$(TARGET_NAME)";
				TEST_HOST = "$(BUNDLE_LOADER)";
			};
			name = Debug;
		};
		ACAFE5141977B66F00F1F2E3 /* Release */ = {
			isa = XCBuildConfiguration;
			buildSettings = {
				BUNDLE_LOADER = "$(BUILT_PRODUCTS_DIR)/ServerDemo.app/Contents/MacOS/ServerDemo";
				COMBINE_HIDPI_IMAGES = YES;
				FRAMEWORK_SEARCH_PATHS = (
					"$(DEVELOPER_FRAMEWORKS_DIR)",
					"$(inherited)",
				);
				INFOPLIST_FILE = ServerDemoTests/Info.plist;
				LD_RUNPATH_SEARCH_PATHS = "$(inherited) @executable_path/../Frameworks @loader_path/../Frameworks";
				METAL_ENABLE_DEBUG_INFO = NO;
				PRODUCT_NAME = "$(TARGET_NAME)";
				TEST_HOST = "$(BUNDLE_LOADER)";
			};
			name = Release;
		};
/* End XCBuildConfiguration section */

/* Begin XCConfigurationList section */
		ACAFE4ED1977B66F00F1F2E3 /* Build configuration list for PBXProject "ServerDemo" */ = {
			isa = XCConfigurationList;
			buildConfigurations = (
				ACAFE50D1977B66F00F1F2E3 /* Debug */,
				ACAFE50E1977B66F00F1F2E3 /* Release */,
			);
			defaultConfigurationIsVisible = 0;
			defaultConfigurationName = Release;
		};
		ACAFE50F1977B66F00F1F2E3 /* Build configuration list for PBXNativeTarget "ServerDemo" */ = {
			isa = XCConfigurationList;
			buildConfigurations = (
				ACAFE5101977B66F00F1F2E3 /* Debug */,
				ACAFE5111977B66F00F1F2E3 /* Release */,
			);
			defaultConfigurationIsVisible = 0;
			defaultConfigurationName = Release;
		};
		ACAFE5121977B66F00F1F2E3 /* Build configuration list for PBXNativeTarget "ServerDemoTests" */ = {
			isa = XCConfigurationList;
			buildConfigurations = (
				ACAFE5131977B66F00F1F2E3 /* Debug */,
				ACAFE5141977B66F00F1F2E3 /* Release */,
			);
			defaultConfigurationIsVisible = 0;
			defaultConfigurationName = Release;
		};
/* End XCConfigurationList section */
	};
	rootObject = ACAFE4EA1977B66F00F1F2E3 /* Project object */;
}
